
Microsoft Visual Studio Solution File, Format Version 12.00
# Visual Studio Version 17
VisualStudioVersion = 17.11.35327.3
MinimumVisualStudioVersion = 10.0.40219.1
Project("{FAE04EC0-301F-11D3-BF4B-00C04F79EFBC}") = "KoPapirOlloOOP", "KoPapirOlloOOP\KoPapirOlloOOP.csproj", "{FA77F688-CAF8-43BB-A77E-79E9A52E60DD}"
EndProject
Global
	GlobalSection(SolutionConfigurationPlatforms) = preSolution
		Debug|Any CPU = Debug|Any CPU
		Release|Any CPU = Release|Any CPU
	EndGlobalSection
	GlobalSection(ProjectConfigurationPlatforms) = postSolution
		{FA77F688-CAF8-43BB-A77E-79E9A52E60DD}.Debug|Any CPU.ActiveCfg = Debug|Any CPU
		{FA77F688-CAF8-43BB-A77E-79E9A52E60DD}.Debug|Any CPU.Build.0 = Debug|Any CPU
		{FA77F688-CAF8-43BB-A77E-79E9A52E60DD}.Release|Any CPU.ActiveCfg = Release|Any CPU
		{FA77F688-CAF8-43BB-A77E-79E9A52E60DD}.Release|Any CPU.Build.0 = Release|Any CPU
	EndGlobalSection
	GlobalSection(SolutionProperties) = preSolution
		HideSolutionNode = FALSE
	EndGlobalSection
	GlobalSection(ExtensibilityGlobals) = postSolution
		SolutionGuid = {26F21484-9EE1-41BA-8799-5250872E8B25}
	EndGlobalSection
EndGlobal
